PODS:
  - IGTableViewEstimatedHeightCache (0.2.0)
  - Kiwi (2.3.1)

DEPENDENCIES:
  - IGTableViewEstimatedHeightCache (from `../`)
  - Kiwi

EXTERNAL SOURCES:
  IGTableViewEstimatedHeightCache:
    :path: ../

SPEC CHECKSUMS:
  IGTableViewEstimatedHeightCache: 3f6e93e6d78f6f11eb5c1d09d9097a6d4e2d96b8
  Kiwi: 73e1400209055ee9c8ba78c6012b6b642d0fb9f7

COCOAPODS: 0.35.0
