PODS:
  - IGTableViewEstimatedHeightCache/SimpleMagic (0.3.0)
  - Kiwi (2.3.1)

DEPENDENCIES:
  - IGTableViewEstimatedHeightCache/SimpleMagic (from `../`)
  - Kiwi

EXTERNAL SOURCES:
  IGTableViewEstimatedHeightCache:
    :path: ../

SPEC CHECKSUMS:
  IGTableViewEstimatedHeightCache: 25ba88ae8be47eaa948cbd92e73f9425de695a4a
  Kiwi: 73e1400209055ee9c8ba78c6012b6b642d0fb9f7

COCOAPODS: 0.35.0
