<?xml version="1.0" encoding="UTF-8"?>
<!DOCTYPE plist PUBLIC "-//Apple//DTD PLIST 1.0//EN" "http://www.apple.com/DTDs/PropertyList-1.0.dtd">
<plist version="1.0">
<dict>
	<key>archiveVersion</key>
	<string>1</string>
	<key>classes</key>
	<dict/>
	<key>objectVersion</key>
	<string>46</string>
	<key>objects</key>
	<dict>
		<key>0EC18EAF8249E6A4BD09C2D8</key>
		<dict>
			<key>includeInIndex</key>
			<string>1</string>
			<key>isa</key>
			<string>PBXFileReference</string>
			<key>lastKnownFileType</key>
			<string>text.xcconfig</string>
			<key>name</key>
			<string>Pods.debug.xcconfig</string>
			<key>path</key>
			<string>Pods/Target Support Files/Pods/Pods.debug.xcconfig</string>
			<key>sourceTree</key>
			<string>&lt;group&gt;</string>
		</dict>
		<key>16C5FFAF8BD00A1B387D00A9</key>
		<dict>
			<key>children</key>
			<array>
				<string>1776667BB27624725B185B17</string>
				<string>CDB7376EE4F4E7BD4362F63C</string>
				<string>5C57928633888B6D8E528ED8</string>
				<string>1CE66AF16C5ACCEBA8919A39</string>
				<string>0EC18EAF8249E6A4BD09C2D8</string>
				<string>51F4140DE02827F919D7A31A</string>
			</array>
			<key>isa</key>
			<string>PBXGroup</string>
			<key>name</key>
			<string>Pods</string>
			<key>sourceTree</key>
			<string>&lt;group&gt;</string>
		</dict>
		<key>1776667BB27624725B185B17</key>
		<dict>
			<key>includeInIndex</key>
			<string>1</string>
			<key>isa</key>
			<string>PBXFileReference</string>
			<key>lastKnownFileType</key>
			<string>text.xcconfig</string>
			<key>name</key>
			<string>Pods-IGTableViewEstimatedHeightCache.debug.xcconfig</string>
			<key>path</key>
			<string>Pods/Target Support Files/Pods-IGTableViewEstimatedHeightCache/Pods-IGTableViewEstimatedHeightCache.debug.xcconfig</string>
			<key>sourceTree</key>
			<string>&lt;group&gt;</string>
		</dict>
		<key>192E2DE0687D02FF4BD733D5</key>
		<dict>
			<key>explicitFileType</key>
			<string>text.script.ruby</string>
			<key>includeInIndex</key>
			<string>1</string>
			<key>isa</key>
			<string>PBXFileReference</string>
			<key>name</key>
			<string>IGTableViewEstimatedHeightCache.podspec</string>
			<key>path</key>
			<string>../IGTableViewEstimatedHeightCache.podspec</string>
			<key>sourceTree</key>
			<string>&lt;group&gt;</string>
		</dict>
		<key>1CE66AF16C5ACCEBA8919A39</key>
		<dict>
			<key>includeInIndex</key>
			<string>1</string>
			<key>isa</key>
			<string>PBXFileReference</string>
			<key>lastKnownFileType</key>
			<string>text.xcconfig</string>
			<key>name</key>
			<string>Pods-Tests.release.xcconfig</string>
			<key>path</key>
			<string>Pods/Target Support Files/Pods-Tests/Pods-Tests.release.xcconfig</string>
			<key>sourceTree</key>
			<string>&lt;group&gt;</string>
		</dict>
		<key>4256FBE4CE1B0E930AC4366E</key>
		<dict>
			<key>includeInIndex</key>
			<string>1</string>
			<key>isa</key>
			<string>PBXFileReference</string>
			<key>lastKnownFileType</key>
			<string>net.daringfireball.markdown</string>
			<key>name</key>
			<string>README.md</string>
			<key>path</key>
			<string>../README.md</string>
			<key>sourceTree</key>
			<string>&lt;group&gt;</string>
		</dict>
		<key>4409C80054E6991F7735674F</key>
		<dict>
			<key>buildActionMask</key>
			<string>2147483647</string>
			<key>files</key>
			<array/>
			<key>inputPaths</key>
			<array/>
			<key>isa</key>
			<string>PBXShellScriptBuildPhase</string>
			<key>name</key>
			<string>Check Pods Manifest.lock</string>
			<key>outputPaths</key>
			<array/>
			<key>runOnlyForDeploymentPostprocessing</key>
			<string>0</string>
			<key>shellPath</key>
			<string>/bin/sh</string>
			<key>shellScript</key>
			<string>diff "${PODS_ROOT}/../Podfile.lock" "${PODS_ROOT}/Manifest.lock" &gt; /dev/null
if [[ $? != 0 ]] ; then
    cat &lt;&lt; EOM
error: The sandbox is not in sync with the Podfile.lock. Run 'pod install' or update your CocoaPods installation.
EOM
    exit 1
fi
</string>
			<key>showEnvVarsInLog</key>
			<string>0</string>
		</dict>
		<key>453C948264B1EEF7D5F6A0F0</key>
		<dict>
			<key>buildActionMask</key>
			<string>2147483647</string>
			<key>files</key>
			<array/>
			<key>inputPaths</key>
			<array/>
			<key>isa</key>
			<string>PBXShellScriptBuildPhase</string>
			<key>name</key>
			<string>Copy Pods Resources</string>
			<key>outputPaths</key>
			<array/>
			<key>runOnlyForDeploymentPostprocessing</key>
			<string>0</string>
			<key>shellPath</key>
			<string>/bin/sh</string>
			<key>shellScript</key>
			<string>"${SRCROOT}/Pods/Target Support Files/Pods/Pods-resources.sh"
</string>
			<key>showEnvVarsInLog</key>
			<string>0</string>
		</dict>
		<key>4A8A032BB79F25F31A082C1E</key>
		<dict>
			<key>explicitFileType</key>
			<string>archive.ar</string>
			<key>includeInIndex</key>
			<string>0</string>
			<key>isa</key>
			<string>PBXFileReference</string>
			<key>path</key>
			<string>libPods.a</string>
			<key>sourceTree</key>
			<string>BUILT_PRODUCTS_DIR</string>
		</dict>
		<key>51F4140DE02827F919D7A31A</key>
		<dict>
			<key>includeInIndex</key>
			<string>1</string>
			<key>isa</key>
			<string>PBXFileReference</string>
			<key>lastKnownFileType</key>
			<string>text.xcconfig</string>
			<key>name</key>
			<string>Pods.release.xcconfig</string>
			<key>path</key>
			<string>Pods/Target Support Files/Pods/Pods.release.xcconfig</string>
			<key>sourceTree</key>
			<string>&lt;group&gt;</string>
		</dict>
		<key>5C57928633888B6D8E528ED8</key>
		<dict>
			<key>includeInIndex</key>
			<string>1</string>
			<key>isa</key>
			<string>PBXFileReference</string>
			<key>lastKnownFileType</key>
			<string>text.xcconfig</string>
			<key>name</key>
			<string>Pods-Tests.debug.xcconfig</string>
			<key>path</key>
			<string>Pods/Target Support Files/Pods-Tests/Pods-Tests.debug.xcconfig</string>
			<key>sourceTree</key>
			<string>&lt;group&gt;</string>
		</dict>
		<key>6003F581195388D10070C39A</key>
		<dict>
			<key>children</key>
			<array>
				<string>60FF7A9C1954A5C5007DD14C</string>
				<string>6003F593195388D20070C39A</string>
				<string>6003F5B5195388D20070C39A</string>
				<string>6003F58C195388D20070C39A</string>
				<string>6003F58B195388D20070C39A</string>
				<string>16C5FFAF8BD00A1B387D00A9</string>
			</array>
			<key>isa</key>
			<string>PBXGroup</string>
			<key>sourceTree</key>
			<string>&lt;group&gt;</string>
		</dict>
		<key>6003F582195388D10070C39A</key>
		<dict>
			<key>attributes</key>
			<dict>
				<key>CLASSPREFIX</key>
				<string>IG</string>
				<key>LastUpgradeCheck</key>
				<string>0510</string>
				<key>ORGANIZATIONNAME</key>
				<string>janj</string>
				<key>TargetAttributes</key>
				<dict>
					<key>6003F5AD195388D20070C39A</key>
					<dict>
						<key>TestTargetID</key>
						<string>6003F589195388D20070C39A</string>
					</dict>
				</dict>
			</dict>
			<key>buildConfigurationList</key>
			<string>6003F585195388D10070C39A</string>
			<key>compatibilityVersion</key>
			<string>Xcode 3.2</string>
			<key>developmentRegion</key>
			<string>English</string>
			<key>hasScannedForEncodings</key>
			<string>0</string>
			<key>isa</key>
			<string>PBXProject</string>
			<key>knownRegions</key>
			<array>
				<string>en</string>
				<string>Base</string>
			</array>
			<key>mainGroup</key>
			<string>6003F581195388D10070C39A</string>
			<key>productRefGroup</key>
			<string>6003F58B195388D20070C39A</string>
			<key>projectDirPath</key>
			<string></string>
			<key>projectReferences</key>
			<array/>
			<key>projectRoot</key>
			<string></string>
			<key>targets</key>
			<array>
				<string>6003F589195388D20070C39A</string>
				<string>6003F5AD195388D20070C39A</string>
			</array>
		</dict>
		<key>6003F585195388D10070C39A</key>
		<dict>
			<key>buildConfigurations</key>
			<array>
				<string>6003F5BD195388D20070C39A</string>
				<string>6003F5BE195388D20070C39A</string>
			</array>
			<key>defaultConfigurationIsVisible</key>
			<string>0</string>
			<key>defaultConfigurationName</key>
			<string>Release</string>
			<key>isa</key>
			<string>XCConfigurationList</string>
		</dict>
		<key>6003F586195388D20070C39A</key>
		<dict>
			<key>buildActionMask</key>
			<string>2147483647</string>
			<key>files</key>
			<array>
				<string>6003F59E195388D20070C39A</string>
				<string>B9C22D051A82E860009B5866</string>
				<string>6003F59A195388D20070C39A</string>
				<string>B9C22D071A82E860009B5866</string>
			</array>
			<key>isa</key>
			<string>PBXSourcesBuildPhase</string>
			<key>runOnlyForDeploymentPostprocessing</key>
			<string>0</string>
		</dict>
		<key>6003F587195388D20070C39A</key>
		<dict>
			<key>buildActionMask</key>
			<string>2147483647</string>
			<key>files</key>
			<array>
				<string>6003F590195388D20070C39A</string>
				<string>6003F592195388D20070C39A</string>
				<string>6003F58E195388D20070C39A</string>
				<string>B959CEB9CEBE09C12AB13D6E</string>
				<string>DE90BA38FF4E5C606B775452</string>
			</array>
			<key>isa</key>
			<string>PBXFrameworksBuildPhase</string>
			<key>runOnlyForDeploymentPostprocessing</key>
			<string>0</string>
		</dict>
		<key>6003F588195388D20070C39A</key>
		<dict>
			<key>buildActionMask</key>
			<string>2147483647</string>
			<key>files</key>
			<array>
				<string>B9C22D061A82E860009B5866</string>
				<string>6003F5A9195388D20070C39A</string>
				<string>6003F598195388D20070C39A</string>
			</array>
			<key>isa</key>
			<string>PBXResourcesBuildPhase</string>
			<key>runOnlyForDeploymentPostprocessing</key>
			<string>0</string>
		</dict>
		<key>6003F589195388D20070C39A</key>
		<dict>
			<key>buildConfigurationList</key>
			<string>6003F5BF195388D20070C39A</string>
			<key>buildPhases</key>
			<array>
				<string>A87924A76698BEC26CF8C4A5</string>
				<string>6003F586195388D20070C39A</string>
				<string>6003F587195388D20070C39A</string>
				<string>6003F588195388D20070C39A</string>
				<string>453C948264B1EEF7D5F6A0F0</string>
			</array>
			<key>buildRules</key>
			<array/>
			<key>dependencies</key>
			<array/>
			<key>isa</key>
			<string>PBXNativeTarget</string>
			<key>name</key>
			<string>IGTableViewEstimatedHeightCache</string>
			<key>productName</key>
			<string>IGTableViewEstimatedHeightCache</string>
			<key>productReference</key>
			<string>6003F58A195388D20070C39A</string>
			<key>productType</key>
			<string>com.apple.product-type.application</string>
		</dict>
		<key>6003F58A195388D20070C39A</key>
		<dict>
			<key>explicitFileType</key>
			<string>wrapper.application</string>
			<key>includeInIndex</key>
			<string>0</string>
			<key>isa</key>
			<string>PBXFileReference</string>
			<key>path</key>
			<string>IGTableViewEstimatedHeightCache.app</string>
			<key>sourceTree</key>
			<string>BUILT_PRODUCTS_DIR</string>
		</dict>
		<key>6003F58B195388D20070C39A</key>
		<dict>
			<key>children</key>
			<array>
				<string>6003F58A195388D20070C39A</string>
				<string>6003F5AE195388D20070C39A</string>
			</array>
			<key>isa</key>
			<string>PBXGroup</string>
			<key>name</key>
			<string>Products</string>
			<key>sourceTree</key>
			<string>&lt;group&gt;</string>
		</dict>
		<key>6003F58C195388D20070C39A</key>
		<dict>
			<key>children</key>
			<array>
				<string>6003F58D195388D20070C39A</string>
				<string>6003F58F195388D20070C39A</string>
				<string>6003F591195388D20070C39A</string>
				<string>6003F5AF195388D20070C39A</string>
				<string>F86FD398F0C0953E9B55E1B4</string>
				<string>CCBE845ECC767F43EDED5FEE</string>
				<string>4A8A032BB79F25F31A082C1E</string>
			</array>
			<key>isa</key>
			<string>PBXGroup</string>
			<key>name</key>
			<string>Frameworks</string>
			<key>sourceTree</key>
			<string>&lt;group&gt;</string>
		</dict>
		<key>6003F58D195388D20070C39A</key>
		<dict>
			<key>isa</key>
			<string>PBXFileReference</string>
			<key>lastKnownFileType</key>
			<string>wrapper.framework</string>
			<key>name</key>
			<string>Foundation.framework</string>
			<key>path</key>
			<string>System/Library/Frameworks/Foundation.framework</string>
			<key>sourceTree</key>
			<string>SDKROOT</string>
		</dict>
		<key>6003F58E195388D20070C39A</key>
		<dict>
			<key>fileRef</key>
			<string>6003F58D195388D20070C39A</string>
			<key>isa</key>
			<string>PBXBuildFile</string>
		</dict>
		<key>6003F58F195388D20070C39A</key>
		<dict>
			<key>isa</key>
			<string>PBXFileReference</string>
			<key>lastKnownFileType</key>
			<string>wrapper.framework</string>
			<key>name</key>
			<string>CoreGraphics.framework</string>
			<key>path</key>
			<string>System/Library/Frameworks/CoreGraphics.framework</string>
			<key>sourceTree</key>
			<string>SDKROOT</string>
		</dict>
		<key>6003F590195388D20070C39A</key>
		<dict>
			<key>fileRef</key>
			<string>6003F58F195388D20070C39A</string>
			<key>isa</key>
			<string>PBXBuildFile</string>
		</dict>
		<key>6003F591195388D20070C39A</key>
		<dict>
			<key>isa</key>
			<string>PBXFileReference</string>
			<key>lastKnownFileType</key>
			<string>wrapper.framework</string>
			<key>name</key>
			<string>UIKit.framework</string>
			<key>path</key>
			<string>System/Library/Frameworks/UIKit.framework</string>
			<key>sourceTree</key>
			<string>SDKROOT</string>
		</dict>
		<key>6003F592195388D20070C39A</key>
		<dict>
			<key>fileRef</key>
			<string>6003F591195388D20070C39A</string>
			<key>isa</key>
			<string>PBXBuildFile</string>
		</dict>
		<key>6003F593195388D20070C39A</key>
		<dict>
			<key>children</key>
			<array>
				<string>6003F59C195388D20070C39A</string>
				<string>6003F59D195388D20070C39A</string>
				<string>B9C22D001A82E860009B5866</string>
				<string>B9C22D011A82E860009B5866</string>
				<string>B9C22D021A82E860009B5866</string>
				<string>B9C22D031A82E860009B5866</string>
				<string>B9C22D041A82E860009B5866</string>
				<string>6003F5A8195388D20070C39A</string>
				<string>6003F594195388D20070C39A</string>
			</array>
			<key>isa</key>
			<string>PBXGroup</string>
			<key>path</key>
			<string>IGTableViewEstimatedHeightCache</string>
			<key>sourceTree</key>
			<string>&lt;group&gt;</string>
		</dict>
		<key>6003F594195388D20070C39A</key>
		<dict>
			<key>children</key>
			<array>
				<string>6003F595195388D20070C39A</string>
				<string>6003F596195388D20070C39A</string>
				<string>6003F599195388D20070C39A</string>
				<string>6003F59B195388D20070C39A</string>
			</array>
			<key>isa</key>
			<string>PBXGroup</string>
			<key>name</key>
			<string>Supporting Files</string>
			<key>sourceTree</key>
			<string>&lt;group&gt;</string>
		</dict>
		<key>6003F595195388D20070C39A</key>
		<dict>
			<key>isa</key>
			<string>PBXFileReference</string>
			<key>lastKnownFileType</key>
			<string>text.plist.xml</string>
			<key>path</key>
			<string>IGTableViewEstimatedHeightCache-Info.plist</string>
			<key>sourceTree</key>
			<string>&lt;group&gt;</string>
		</dict>
		<key>6003F596195388D20070C39A</key>
		<dict>
			<key>children</key>
			<array>
				<string>6003F597195388D20070C39A</string>
			</array>
			<key>isa</key>
			<string>PBXVariantGroup</string>
			<key>name</key>
			<string>InfoPlist.strings</string>
			<key>sourceTree</key>
			<string>&lt;group&gt;</string>
		</dict>
		<key>6003F597195388D20070C39A</key>
		<dict>
			<key>isa</key>
			<string>PBXFileReference</string>
			<key>lastKnownFileType</key>
			<string>text.plist.strings</string>
			<key>name</key>
			<string>en</string>
			<key>path</key>
			<string>en.lproj/InfoPlist.strings</string>
			<key>sourceTree</key>
			<string>&lt;group&gt;</string>
		</dict>
		<key>6003F598195388D20070C39A</key>
		<dict>
			<key>fileRef</key>
			<string>6003F596195388D20070C39A</string>
			<key>isa</key>
			<string>PBXBuildFile</string>
		</dict>
		<key>6003F599195388D20070C39A</key>
		<dict>
			<key>isa</key>
			<string>PBXFileReference</string>
			<key>lastKnownFileType</key>
			<string>sourcecode.c.objc</string>
			<key>path</key>
			<string>main.m</string>
			<key>sourceTree</key>
			<string>&lt;group&gt;</string>
		</dict>
		<key>6003F59A195388D20070C39A</key>
		<dict>
			<key>fileRef</key>
			<string>6003F599195388D20070C39A</string>
			<key>isa</key>
			<string>PBXBuildFile</string>
		</dict>
		<key>6003F59B195388D20070C39A</key>
		<dict>
			<key>isa</key>
			<string>PBXFileReference</string>
			<key>lastKnownFileType</key>
			<string>sourcecode.c.h</string>
			<key>path</key>
			<string>IGTableViewEstimatedHeightCache-Prefix.pch</string>
			<key>sourceTree</key>
			<string>&lt;group&gt;</string>
		</dict>
		<key>6003F59C195388D20070C39A</key>
		<dict>
			<key>isa</key>
			<string>PBXFileReference</string>
			<key>lastKnownFileType</key>
			<string>sourcecode.c.h</string>
			<key>path</key>
			<string>IGAppDelegate.h</string>
			<key>sourceTree</key>
			<string>&lt;group&gt;</string>
		</dict>
		<key>6003F59D195388D20070C39A</key>
		<dict>
			<key>isa</key>
			<string>PBXFileReference</string>
			<key>lastKnownFileType</key>
			<string>sourcecode.c.objc</string>
			<key>path</key>
			<string>IGAppDelegate.m</string>
			<key>sourceTree</key>
			<string>&lt;group&gt;</string>
		</dict>
		<key>6003F59E195388D20070C39A</key>
		<dict>
			<key>fileRef</key>
			<string>6003F59D195388D20070C39A</string>
			<key>isa</key>
			<string>PBXBuildFile</string>
		</dict>
		<key>6003F5A8195388D20070C39A</key>
		<dict>
			<key>isa</key>
			<string>PBXFileReference</string>
			<key>lastKnownFileType</key>
			<string>folder.assetcatalog</string>
			<key>path</key>
			<string>Images.xcassets</string>
			<key>sourceTree</key>
			<string>&lt;group&gt;</string>
		</dict>
		<key>6003F5A9195388D20070C39A</key>
		<dict>
			<key>fileRef</key>
			<string>6003F5A8195388D20070C39A</string>
			<key>isa</key>
			<string>PBXBuildFile</string>
		</dict>
		<key>6003F5AA195388D20070C39A</key>
		<dict>
			<key>buildActionMask</key>
			<string>2147483647</string>
			<key>files</key>
			<array>
				<string>6003F5BC195388D20070C39A</string>
			</array>
			<key>isa</key>
			<string>PBXSourcesBuildPhase</string>
			<key>runOnlyForDeploymentPostprocessing</key>
			<string>0</string>
		</dict>
		<key>6003F5AB195388D20070C39A</key>
		<dict>
			<key>buildActionMask</key>
			<string>2147483647</string>
			<key>files</key>
			<array>
				<string>6003F5B0195388D20070C39A</string>
				<string>6003F5B2195388D20070C39A</string>
				<string>6003F5B1195388D20070C39A</string>
				<string>9FC271F066675633998523D2</string>
			</array>
			<key>isa</key>
			<string>PBXFrameworksBuildPhase</string>
			<key>runOnlyForDeploymentPostprocessing</key>
			<string>0</string>
		</dict>
		<key>6003F5AC195388D20070C39A</key>
		<dict>
			<key>buildActionMask</key>
			<string>2147483647</string>
			<key>files</key>
			<array>
				<string>6003F5BA195388D20070C39A</string>
			</array>
			<key>isa</key>
			<string>PBXResourcesBuildPhase</string>
			<key>runOnlyForDeploymentPostprocessing</key>
			<string>0</string>
		</dict>
		<key>6003F5AD195388D20070C39A</key>
		<dict>
			<key>buildConfigurationList</key>
			<string>6003F5C2195388D20070C39A</string>
			<key>buildPhases</key>
			<array>
				<string>4409C80054E6991F7735674F</string>
				<string>6003F5AA195388D20070C39A</string>
				<string>6003F5AB195388D20070C39A</string>
				<string>6003F5AC195388D20070C39A</string>
				<string>BFE8035B754F9E6492DB7AF9</string>
			</array>
			<key>buildRules</key>
			<array/>
			<key>dependencies</key>
			<array>
				<string>6003F5B4195388D20070C39A</string>
			</array>
			<key>isa</key>
			<string>PBXNativeTarget</string>
			<key>name</key>
			<string>Tests</string>
			<key>productName</key>
			<string>IGTableViewEstimatedHeightCacheTests</string>
			<key>productReference</key>
			<string>6003F5AE195388D20070C39A</string>
			<key>productType</key>
			<string>com.apple.product-type.bundle.unit-test</string>
		</dict>
		<key>6003F5AE195388D20070C39A</key>
		<dict>
			<key>explicitFileType</key>
			<string>wrapper.cfbundle</string>
			<key>includeInIndex</key>
			<string>0</string>
			<key>isa</key>
			<string>PBXFileReference</string>
			<key>path</key>
			<string>Tests.xctest</string>
			<key>sourceTree</key>
			<string>BUILT_PRODUCTS_DIR</string>
		</dict>
		<key>6003F5AF195388D20070C39A</key>
		<dict>
			<key>isa</key>
			<string>PBXFileReference</string>
			<key>lastKnownFileType</key>
			<string>wrapper.framework</string>
			<key>name</key>
			<string>XCTest.framework</string>
			<key>path</key>
			<string>Library/Frameworks/XCTest.framework</string>
			<key>sourceTree</key>
			<string>DEVELOPER_DIR</string>
		</dict>
		<key>6003F5B0195388D20070C39A</key>
		<dict>
			<key>fileRef</key>
			<string>6003F5AF195388D20070C39A</string>
			<key>isa</key>
			<string>PBXBuildFile</string>
		</dict>
		<key>6003F5B1195388D20070C39A</key>
		<dict>
			<key>fileRef</key>
			<string>6003F58D195388D20070C39A</string>
			<key>isa</key>
			<string>PBXBuildFile</string>
		</dict>
		<key>6003F5B2195388D20070C39A</key>
		<dict>
			<key>fileRef</key>
			<string>6003F591195388D20070C39A</string>
			<key>isa</key>
			<string>PBXBuildFile</string>
		</dict>
		<key>6003F5B3195388D20070C39A</key>
		<dict>
			<key>containerPortal</key>
			<string>6003F582195388D10070C39A</string>
			<key>isa</key>
			<string>PBXContainerItemProxy</string>
			<key>proxyType</key>
			<string>1</string>
			<key>remoteGlobalIDString</key>
			<string>6003F589195388D20070C39A</string>
			<key>remoteInfo</key>
			<string>IGTableViewEstimatedHeightCache</string>
		</dict>
		<key>6003F5B4195388D20070C39A</key>
		<dict>
			<key>isa</key>
			<string>PBXTargetDependency</string>
			<key>target</key>
			<string>6003F589195388D20070C39A</string>
			<key>targetProxy</key>
			<string>6003F5B3195388D20070C39A</string>
		</dict>
		<key>6003F5B5195388D20070C39A</key>
		<dict>
			<key>children</key>
			<array>
				<string>6003F5BB195388D20070C39A</string>
				<string>6003F5B6195388D20070C39A</string>
			</array>
			<key>isa</key>
			<string>PBXGroup</string>
			<key>path</key>
			<string>Tests</string>
			<key>sourceTree</key>
			<string>&lt;group&gt;</string>
		</dict>
		<key>6003F5B6195388D20070C39A</key>
		<dict>
			<key>children</key>
			<array>
				<string>6003F5B7195388D20070C39A</string>
				<string>6003F5B8195388D20070C39A</string>
				<string>606FC2411953D9B200FFA9A0</string>
			</array>
			<key>isa</key>
			<string>PBXGroup</string>
			<key>name</key>
			<string>Supporting Files</string>
			<key>sourceTree</key>
			<string>&lt;group&gt;</string>
		</dict>
		<key>6003F5B7195388D20070C39A</key>
		<dict>
			<key>isa</key>
			<string>PBXFileReference</string>
			<key>lastKnownFileType</key>
			<string>text.plist.xml</string>
			<key>path</key>
			<string>Tests-Info.plist</string>
			<key>sourceTree</key>
			<string>&lt;group&gt;</string>
		</dict>
		<key>6003F5B8195388D20070C39A</key>
		<dict>
			<key>children</key>
			<array>
				<string>6003F5B9195388D20070C39A</string>
			</array>
			<key>isa</key>
			<string>PBXVariantGroup</string>
			<key>name</key>
			<string>InfoPlist.strings</string>
			<key>sourceTree</key>
			<string>&lt;group&gt;</string>
		</dict>
		<key>6003F5B9195388D20070C39A</key>
		<dict>
			<key>isa</key>
			<string>PBXFileReference</string>
			<key>lastKnownFileType</key>
			<string>text.plist.strings</string>
			<key>name</key>
			<string>en</string>
			<key>path</key>
			<string>en.lproj/InfoPlist.strings</string>
			<key>sourceTree</key>
			<string>&lt;group&gt;</string>
		</dict>
		<key>6003F5BA195388D20070C39A</key>
		<dict>
			<key>fileRef</key>
			<string>6003F5B8195388D20070C39A</string>
			<key>isa</key>
			<string>PBXBuildFile</string>
		</dict>
		<key>6003F5BB195388D20070C39A</key>
		<dict>
			<key>isa</key>
			<string>PBXFileReference</string>
			<key>lastKnownFileType</key>
			<string>sourcecode.c.objc</string>
			<key>path</key>
			<string>UITableViewController+IGTableViewEstimatedHeightCacheSpec.m</string>
			<key>sourceTree</key>
			<string>&lt;group&gt;</string>
		</dict>
		<key>6003F5BC195388D20070C39A</key>
		<dict>
			<key>fileRef</key>
			<string>6003F5BB195388D20070C39A</string>
			<key>isa</key>
			<string>PBXBuildFile</string>
		</dict>
		<key>6003F5BD195388D20070C39A</key>
		<dict>
			<key>buildSettings</key>
			<dict>
				<key>ALWAYS_SEARCH_USER_PATHS</key>
				<string>NO</string>
				<key>CLANG_CXX_LANGUAGE_STANDARD</key>
				<string>gnu++0x</string>
				<key>CLANG_CXX_LIBRARY</key>
				<string>libc++</string>
				<key>CLANG_ENABLE_MODULES</key>
				<string>YES</string>
				<key>CLANG_ENABLE_OBJC_ARC</key>
				<string>YES</string>
				<key>CLANG_WARN_BOOL_CONVERSION</key>
				<string>YES</string>
				<key>CLANG_WARN_CONSTANT_CONVERSION</key>
				<string>YES</string>
				<key>CLANG_WARN_DIRECT_OBJC_ISA_USAGE</key>
				<string>YES_ERROR</string>
				<key>CLANG_WARN_EMPTY_BODY</key>
				<string>YES</string>
				<key>CLANG_WARN_ENUM_CONVERSION</key>
				<string>YES</string>
				<key>CLANG_WARN_INT_CONVERSION</key>
				<string>YES</string>
				<key>CLANG_WARN_OBJC_ROOT_CLASS</key>
				<string>YES_ERROR</string>
				<key>CLANG_WARN__DUPLICATE_METHOD_MATCH</key>
				<string>YES</string>
				<key>CODE_SIGN_IDENTITY[sdk=iphoneos*]</key>
				<string>iPhone Developer</string>
				<key>COPY_PHASE_STRIP</key>
				<string>NO</string>
				<key>GCC_C_LANGUAGE_STANDARD</key>
				<string>gnu99</string>
				<key>GCC_DYNAMIC_NO_PIC</key>
				<string>NO</string>
				<key>GCC_OPTIMIZATION_LEVEL</key>
				<string>0</string>
				<key>GCC_PREPROCESSOR_DEFINITIONS</key>
				<array>
					<string>DEBUG=1</string>
					<string>$(inherited)</string>
				</array>
				<key>GCC_SYMBOLS_PRIVATE_EXTERN</key>
				<string>NO</string>
				<key>GCC_WARN_64_TO_32_BIT_CONVERSION</key>
				<string>YES</string>
				<key>GCC_WARN_ABOUT_RETURN_TYPE</key>
				<string>YES_ERROR</string>
				<key>GCC_WARN_UNDECLARED_SELECTOR</key>
				<string>YES</string>
				<key>GCC_WARN_UNINITIALIZED_AUTOS</key>
				<string>YES_AGGRESSIVE</string>
				<key>GCC_WARN_UNUSED_FUNCTION</key>
				<string>YES</string>
				<key>GCC_WARN_UNUSED_VARIABLE</key>
				<string>YES</string>
				<key>IPHONEOS_DEPLOYMENT_TARGET</key>
				<string>7.1</string>
				<key>ONLY_ACTIVE_ARCH</key>
				<string>YES</string>
				<key>SDKROOT</key>
				<string>iphoneos</string>
				<key>TARGETED_DEVICE_FAMILY</key>
				<string>1,2</string>
			</dict>
			<key>isa</key>
			<string>XCBuildConfiguration</string>
			<key>name</key>
			<string>Debug</string>
		</dict>
		<key>6003F5BE195388D20070C39A</key>
		<dict>
			<key>buildSettings</key>
			<dict>
				<key>ALWAYS_SEARCH_USER_PATHS</key>
				<string>NO</string>
				<key>CLANG_CXX_LANGUAGE_STANDARD</key>
				<string>gnu++0x</string>
				<key>CLANG_CXX_LIBRARY</key>
				<string>libc++</string>
				<key>CLANG_ENABLE_MODULES</key>
				<string>YES</string>
				<key>CLANG_ENABLE_OBJC_ARC</key>
				<string>YES</string>
				<key>CLANG_WARN_BOOL_CONVERSION</key>
				<string>YES</string>
				<key>CLANG_WARN_CONSTANT_CONVERSION</key>
				<string>YES</string>
				<key>CLANG_WARN_DIRECT_OBJC_ISA_USAGE</key>
				<string>YES_ERROR</string>
				<key>CLANG_WARN_EMPTY_BODY</key>
				<string>YES</string>
				<key>CLANG_WARN_ENUM_CONVERSION</key>
				<string>YES</string>
				<key>CLANG_WARN_INT_CONVERSION</key>
				<string>YES</string>
				<key>CLANG_WARN_OBJC_ROOT_CLASS</key>
				<string>YES_ERROR</string>
				<key>CLANG_WARN__DUPLICATE_METHOD_MATCH</key>
				<string>YES</string>
				<key>CODE_SIGN_IDENTITY[sdk=iphoneos*]</key>
				<string>iPhone Developer</string>
				<key>COPY_PHASE_STRIP</key>
				<string>YES</string>
				<key>ENABLE_NS_ASSERTIONS</key>
				<string>NO</string>
				<key>GCC_C_LANGUAGE_STANDARD</key>
				<string>gnu99</string>
				<key>GCC_WARN_64_TO_32_BIT_CONVERSION</key>
				<string>YES</string>
				<key>GCC_WARN_ABOUT_RETURN_TYPE</key>
				<string>YES_ERROR</string>
				<key>GCC_WARN_UNDECLARED_SELECTOR</key>
				<string>YES</string>
				<key>GCC_WARN_UNINITIALIZED_AUTOS</key>
				<string>YES_AGGRESSIVE</string>
				<key>GCC_WARN_UNUSED_FUNCTION</key>
				<string>YES</string>
				<key>GCC_WARN_UNUSED_VARIABLE</key>
				<string>YES</string>
				<key>IPHONEOS_DEPLOYMENT_TARGET</key>
				<string>7.1</string>
				<key>SDKROOT</key>
				<string>iphoneos</string>
				<key>TARGETED_DEVICE_FAMILY</key>
				<string>1,2</string>
				<key>VALIDATE_PRODUCT</key>
				<string>YES</string>
			</dict>
			<key>isa</key>
			<string>XCBuildConfiguration</string>
			<key>name</key>
			<string>Release</string>
		</dict>
		<key>6003F5BF195388D20070C39A</key>
		<dict>
			<key>buildConfigurations</key>
			<array>
				<string>6003F5C0195388D20070C39A</string>
				<string>6003F5C1195388D20070C39A</string>
			</array>
			<key>defaultConfigurationIsVisible</key>
			<string>0</string>
			<key>defaultConfigurationName</key>
			<string>Release</string>
			<key>isa</key>
			<string>XCConfigurationList</string>
		</dict>
		<key>6003F5C0195388D20070C39A</key>
		<dict>
			<key>baseConfigurationReference</key>
			<string>0EC18EAF8249E6A4BD09C2D8</string>
			<key>buildSettings</key>
			<dict>
				<key>ASSETCATALOG_COMPILER_APPICON_NAME</key>
				<string>AppIcon</string>
				<key>ASSETCATALOG_COMPILER_LAUNCHIMAGE_NAME</key>
				<string>LaunchImage</string>
				<key>GCC_PRECOMPILE_PREFIX_HEADER</key>
				<string>YES</string>
				<key>GCC_PREFIX_HEADER</key>
				<string>IGTableViewEstimatedHeightCache/IGTableViewEstimatedHeightCache-Prefix.pch</string>
				<key>INFOPLIST_FILE</key>
				<string>IGTableViewEstimatedHeightCache/IGTableViewEstimatedHeightCache-Info.plist</string>
				<key>IPHONEOS_DEPLOYMENT_TARGET</key>
				<string>7.0</string>
				<key>PRODUCT_NAME</key>
				<string>$(TARGET_NAME)</string>
				<key>WRAPPER_EXTENSION</key>
				<string>app</string>
			</dict>
			<key>isa</key>
			<string>XCBuildConfiguration</string>
			<key>name</key>
			<string>Debug</string>
		</dict>
		<key>6003F5C1195388D20070C39A</key>
		<dict>
			<key>baseConfigurationReference</key>
			<string>51F4140DE02827F919D7A31A</string>
			<key>buildSettings</key>
			<dict>
				<key>ASSETCATALOG_COMPILER_APPICON_NAME</key>
				<string>AppIcon</string>
				<key>ASSETCATALOG_COMPILER_LAUNCHIMAGE_NAME</key>
				<string>LaunchImage</string>
				<key>GCC_PRECOMPILE_PREFIX_HEADER</key>
				<string>YES</string>
				<key>GCC_PREFIX_HEADER</key>
				<string>IGTableViewEstimatedHeightCache/IGTableViewEstimatedHeightCache-Prefix.pch</string>
				<key>INFOPLIST_FILE</key>
				<string>IGTableViewEstimatedHeightCache/IGTableViewEstimatedHeightCache-Info.plist</string>
				<key>IPHONEOS_DEPLOYMENT_TARGET</key>
				<string>7.0</string>
				<key>PRODUCT_NAME</key>
				<string>$(TARGET_NAME)</string>
				<key>WRAPPER_EXTENSION</key>
				<string>app</string>
			</dict>
			<key>isa</key>
			<string>XCBuildConfiguration</string>
			<key>name</key>
			<string>Release</string>
		</dict>
		<key>6003F5C2195388D20070C39A</key>
		<dict>
			<key>buildConfigurations</key>
			<array>
				<string>6003F5C3195388D20070C39A</string>
				<string>6003F5C4195388D20070C39A</string>
			</array>
			<key>defaultConfigurationIsVisible</key>
			<string>0</string>
			<key>defaultConfigurationName</key>
			<string>Release</string>
			<key>isa</key>
			<string>XCConfigurationList</string>
		</dict>
		<key>6003F5C3195388D20070C39A</key>
		<dict>
			<key>baseConfigurationReference</key>
			<string>5C57928633888B6D8E528ED8</string>
			<key>buildSettings</key>
			<dict>
				<key>BUNDLE_LOADER</key>
				<string>$(BUILT_PRODUCTS_DIR)/IGTableViewEstimatedHeightCache.app/IGTableViewEstimatedHeightCache</string>
				<key>FRAMEWORK_SEARCH_PATHS</key>
				<array>
					<string>$(SDKROOT)/Developer/Library/Frameworks</string>
					<string>$(inherited)</string>
					<string>$(DEVELOPER_FRAMEWORKS_DIR)</string>
				</array>
				<key>GCC_PRECOMPILE_PREFIX_HEADER</key>
				<string>YES</string>
				<key>GCC_PREFIX_HEADER</key>
				<string>Tests/Tests-Prefix.pch</string>
				<key>GCC_PREPROCESSOR_DEFINITIONS</key>
				<array>
					<string>DEBUG=1</string>
					<string>$(inherited)</string>
				</array>
				<key>INFOPLIST_FILE</key>
				<string>Tests/Tests-Info.plist</string>
				<key>PRODUCT_NAME</key>
				<string>$(TARGET_NAME)</string>
				<key>TEST_HOST</key>
				<string>$(BUNDLE_LOADER)</string>
				<key>WRAPPER_EXTENSION</key>
				<string>xctest</string>
			</dict>
			<key>isa</key>
			<string>XCBuildConfiguration</string>
			<key>name</key>
			<string>Debug</string>
		</dict>
		<key>6003F5C4195388D20070C39A</key>
		<dict>
			<key>baseConfigurationReference</key>
			<string>1CE66AF16C5ACCEBA8919A39</string>
			<key>buildSettings</key>
			<dict>
				<key>BUNDLE_LOADER</key>
				<string>$(BUILT_PRODUCTS_DIR)/IGTableViewEstimatedHeightCache.app/IGTableViewEstimatedHeightCache</string>
				<key>FRAMEWORK_SEARCH_PATHS</key>
				<array>
					<string>$(SDKROOT)/Developer/Library/Frameworks</string>
					<string>$(inherited)</string>
					<string>$(DEVELOPER_FRAMEWORKS_DIR)</string>
				</array>
				<key>GCC_PRECOMPILE_PREFIX_HEADER</key>
				<string>YES</string>
				<key>GCC_PREFIX_HEADER</key>
				<string>Tests/Tests-Prefix.pch</string>
				<key>INFOPLIST_FILE</key>
				<string>Tests/Tests-Info.plist</string>
				<key>PRODUCT_NAME</key>
				<string>$(TARGET_NAME)</string>
				<key>TEST_HOST</key>
				<string>$(BUNDLE_LOADER)</string>
				<key>WRAPPER_EXTENSION</key>
				<string>xctest</string>
			</dict>
			<key>isa</key>
			<string>XCBuildConfiguration</string>
			<key>name</key>
			<string>Release</string>
		</dict>
		<key>606FC2411953D9B200FFA9A0</key>
		<dict>
			<key>isa</key>
			<string>PBXFileReference</string>
			<key>lastKnownFileType</key>
			<string>sourcecode.c.h</string>
			<key>path</key>
			<string>Tests-Prefix.pch</string>
			<key>sourceTree</key>
			<string>&lt;group&gt;</string>
		</dict>
		<key>60FF7A9C1954A5C5007DD14C</key>
		<dict>
			<key>children</key>
			<array>
				<string>192E2DE0687D02FF4BD733D5</string>
				<string>4256FBE4CE1B0E930AC4366E</string>
				<string>988DB829BD57A4CF89CEFBCF</string>
			</array>
			<key>isa</key>
			<string>PBXGroup</string>
			<key>name</key>
			<string>Podspec Metadata</string>
			<key>sourceTree</key>
			<string>&lt;group&gt;</string>
		</dict>
		<key>988DB829BD57A4CF89CEFBCF</key>
		<dict>
			<key>includeInIndex</key>
			<string>1</string>
			<key>isa</key>
			<string>PBXFileReference</string>
			<key>lastKnownFileType</key>
			<string>text</string>
			<key>name</key>
			<string>LICENSE</string>
			<key>path</key>
			<string>../LICENSE</string>
			<key>sourceTree</key>
			<string>&lt;group&gt;</string>
		</dict>
		<key>9FC271F066675633998523D2</key>
		<dict>
			<key>fileRef</key>
			<string>CCBE845ECC767F43EDED5FEE</string>
			<key>isa</key>
			<string>PBXBuildFile</string>
		</dict>
		<key>A87924A76698BEC26CF8C4A5</key>
		<dict>
			<key>buildActionMask</key>
			<string>2147483647</string>
			<key>files</key>
			<array/>
			<key>inputPaths</key>
			<array/>
			<key>isa</key>
			<string>PBXShellScriptBuildPhase</string>
			<key>name</key>
			<string>Check Pods Manifest.lock</string>
			<key>outputPaths</key>
			<array/>
			<key>runOnlyForDeploymentPostprocessing</key>
			<string>0</string>
			<key>shellPath</key>
			<string>/bin/sh</string>
			<key>shellScript</key>
			<string>diff "${PODS_ROOT}/../Podfile.lock" "${PODS_ROOT}/Manifest.lock" &gt; /dev/null
if [[ $? != 0 ]] ; then
    cat &lt;&lt; EOM
error: The sandbox is not in sync with the Podfile.lock. Run 'pod install' or update your CocoaPods installation.
EOM
    exit 1
fi
</string>
			<key>showEnvVarsInLog</key>
			<string>0</string>
		</dict>
		<key>B959CEB9CEBE09C12AB13D6E</key>
		<dict>
			<key>fileRef</key>
			<string>F86FD398F0C0953E9B55E1B4</string>
			<key>isa</key>
			<string>PBXBuildFile</string>
		</dict>
		<key>B9C22D001A82E860009B5866</key>
		<dict>
			<key>fileEncoding</key>
			<string>4</string>
			<key>isa</key>
			<string>PBXFileReference</string>
			<key>lastKnownFileType</key>
			<string>sourcecode.c.h</string>
			<key>path</key>
			<string>IGViewController.h</string>
			<key>sourceTree</key>
			<string>&lt;group&gt;</string>
		</dict>
		<key>B9C22D011A82E860009B5866</key>
		<dict>
			<key>fileEncoding</key>
			<string>4</string>
			<key>isa</key>
			<string>PBXFileReference</string>
			<key>lastKnownFileType</key>
			<string>sourcecode.c.objc</string>
			<key>path</key>
			<string>IGViewController.m</string>
			<key>sourceTree</key>
			<string>&lt;group&gt;</string>
		</dict>
		<key>B9C22D021A82E860009B5866</key>
		<dict>
			<key>fileEncoding</key>
			<string>4</string>
			<key>isa</key>
			<string>PBXFileReference</string>
			<key>lastKnownFileType</key>
			<string>file.storyboard</string>
			<key>path</key>
			<string>Main.storyboard</string>
			<key>sourceTree</key>
			<string>&lt;group&gt;</string>
		</dict>
		<key>B9C22D031A82E860009B5866</key>
		<dict>
			<key>fileEncoding</key>
			<string>4</string>
			<key>isa</key>
			<string>PBXFileReference</string>
			<key>lastKnownFileType</key>
			<string>sourcecode.c.h</string>
			<key>path</key>
			<string>DynamicCell.h</string>
			<key>sourceTree</key>
			<string>&lt;group&gt;</string>
		</dict>
		<key>B9C22D041A82E860009B5866</key>
		<dict>
			<key>fileEncoding</key>
			<string>4</string>
			<key>isa</key>
			<string>PBXFileReference</string>
			<key>lastKnownFileType</key>
			<string>sourcecode.c.objc</string>
			<key>path</key>
			<string>DynamicCell.m</string>
			<key>sourceTree</key>
			<string>&lt;group&gt;</string>
		</dict>
		<key>B9C22D051A82E860009B5866</key>
		<dict>
			<key>fileRef</key>
			<string>B9C22D011A82E860009B5866</string>
			<key>isa</key>
			<string>PBXBuildFile</string>
		</dict>
		<key>B9C22D061A82E860009B5866</key>
		<dict>
			<key>fileRef</key>
			<string>B9C22D021A82E860009B5866</string>
			<key>isa</key>
			<string>PBXBuildFile</string>
		</dict>
		<key>B9C22D071A82E860009B5866</key>
		<dict>
			<key>fileRef</key>
			<string>B9C22D041A82E860009B5866</string>
			<key>isa</key>
			<string>PBXBuildFile</string>
		</dict>
		<key>BFE8035B754F9E6492DB7AF9</key>
		<dict>
			<key>buildActionMask</key>
			<string>2147483647</string>
			<key>files</key>
			<array/>
			<key>inputPaths</key>
			<array/>
			<key>isa</key>
			<string>PBXShellScriptBuildPhase</string>
			<key>name</key>
			<string>Copy Pods Resources</string>
			<key>outputPaths</key>
			<array/>
			<key>runOnlyForDeploymentPostprocessing</key>
			<string>0</string>
			<key>shellPath</key>
			<string>/bin/sh</string>
			<key>shellScript</key>
			<string>"${SRCROOT}/Pods/Target Support Files/Pods-Tests/Pods-Tests-resources.sh"
</string>
			<key>showEnvVarsInLog</key>
			<string>0</string>
		</dict>
		<key>CCBE845ECC767F43EDED5FEE</key>
		<dict>
			<key>explicitFileType</key>
			<string>archive.ar</string>
			<key>includeInIndex</key>
			<string>0</string>
			<key>isa</key>
			<string>PBXFileReference</string>
			<key>path</key>
			<string>libPods-Tests.a</string>
			<key>sourceTree</key>
			<string>BUILT_PRODUCTS_DIR</string>
		</dict>
		<key>CDB7376EE4F4E7BD4362F63C</key>
		<dict>
			<key>includeInIndex</key>
			<string>1</string>
			<key>isa</key>
			<string>PBXFileReference</string>
			<key>lastKnownFileType</key>
			<string>text.xcconfig</string>
			<key>name</key>
			<string>Pods-IGTableViewEstimatedHeightCache.release.xcconfig</string>
			<key>path</key>
			<string>Pods/Target Support Files/Pods-IGTableViewEstimatedHeightCache/Pods-IGTableViewEstimatedHeightCache.release.xcconfig</string>
			<key>sourceTree</key>
			<string>&lt;group&gt;</string>
		</dict>
		<key>DE90BA38FF4E5C606B775452</key>
		<dict>
			<key>fileRef</key>
			<string>4A8A032BB79F25F31A082C1E</string>
			<key>isa</key>
			<string>PBXBuildFile</string>
		</dict>
		<key>F86FD398F0C0953E9B55E1B4</key>
		<dict>
			<key>explicitFileType</key>
			<string>archive.ar</string>
			<key>includeInIndex</key>
			<string>0</string>
			<key>isa</key>
			<string>PBXFileReference</string>
			<key>path</key>
			<string>libPods-IGTableViewEstimatedHeightCache.a</string>
			<key>sourceTree</key>
			<string>BUILT_PRODUCTS_DIR</string>
		</dict>
	</dict>
	<key>rootObject</key>
	<string>6003F582195388D10070C39A</string>
</dict>
</plist>
